
Microsoft Visual Studio Solution File, Format Version 12.00
# Visual Studio Version 16
VisualStudioVersion = 16.0.29728.190
MinimumVisualStudioVersion = 15.0.26124.0
Project("{2150E333-8FDC-42A3-9474-1A3956D46DE8}") = "src", "src", "{BC7E16B8-10E4-43CC-B475-64FE93B4A0D1}"
EndProject
Project("{FAE04EC0-301F-11D3-BF4B-00C04F79EFBC}") = "Mediator.Application", "src\Mediator.Application\Mediator.Application.csproj", "{EDBC2C40-754D-481C-AF52-F5630E3E0796}"
EndProject
Project("{9A19103F-16F7-4668-BE54-9A1E7A4F7556}") = "Mediator.ConsoleApp", "src\Mediator.ConsoleApp\Mediator.ConsoleApp.csproj", "{76A3601B-9BD2-4599-9D7C-F3A0998061C3}"
EndProject
Global
	GlobalSection(SolutionConfigurationPlatforms) = preSolution
		Debug|Any CPU = Debug|Any CPU
		Debug|x64 = Debug|x64
		Debug|x86 = Debug|x86
		Release|Any CPU = Release|Any CPU
		Release|x64 = Release|x64
		Release|x86 = Release|x86
	EndGlobalSection
	GlobalSection(ProjectConfigurationPlatforms) = postSolution
		{EDBC2C40-754D-481C-AF52-F5630E3E0796}.Debug|Any CPU.ActiveCfg = Debug|Any CPU
		{EDBC2C40-754D-481C-AF52-F5630E3E0796}.Debug|Any CPU.Build.0 = Debug|Any CPU
		{EDBC2C40-754D-481C-AF52-F5630E3E0796}.Debug|x64.ActiveCfg = Debug|Any CPU
		{EDBC2C40-754D-481C-AF52-F5630E3E0796}.Debug|x64.Build.0 = Debug|Any CPU
		{EDBC2C40-754D-481C-AF52-F5630E3E0796}.Debug|x86.ActiveCfg = Debug|Any CPU
		{EDBC2C40-754D-481C-AF52-F5630E3E0796}.Debug|x86.Build.0 = Debug|Any CPU
		{EDBC2C40-754D-481C-AF52-F5630E3E0796}.Release|Any CPU.ActiveCfg = Release|Any CPU
		{EDBC2C40-754D-481C-AF52-F5630E3E0796}.Release|Any CPU.Build.0 = Release|Any CPU
		{EDBC2C40-754D-481C-AF52-F5630E3E0796}.Release|x64.ActiveCfg = Release|Any CPU
		{EDBC2C40-754D-481C-AF52-F5630E3E0796}.Release|x64.Build.0 = Release|Any CPU
		{EDBC2C40-754D-481C-AF52-F5630E3E0796}.Release|x86.ActiveCfg = Release|Any CPU
		{EDBC2C40-754D-481C-AF52-F5630E3E0796}.Release|x86.Build.0 = Release|Any CPU
		{76A3601B-9BD2-4599-9D7C-F3A0998061C3}.Debug|Any CPU.ActiveCfg = Debug|Any CPU
		{76A3601B-9BD2-4599-9D7C-F3A0998061C3}.Debug|Any CPU.Build.0 = Debug|Any CPU
		{76A3601B-9BD2-4599-9D7C-F3A0998061C3}.Debug|x64.ActiveCfg = Debug|Any CPU
		{76A3601B-9BD2-4599-9D7C-F3A0998061C3}.Debug|x64.Build.0 = Debug|Any CPU
		{76A3601B-9BD2-4599-9D7C-F3A0998061C3}.Debug|x86.ActiveCfg = Debug|Any CPU
		{76A3601B-9BD2-4599-9D7C-F3A0998061C3}.Debug|x86.Build.0 = Debug|Any CPU
		{76A3601B-9BD2-4599-9D7C-F3A0998061C3}.Release|Any CPU.ActiveCfg = Release|Any CPU
		{76A3601B-9BD2-4599-9D7C-F3A0998061C3}.Release|Any CPU.Build.0 = Release|Any CPU
		{76A3601B-9BD2-4599-9D7C-F3A0998061C3}.Release|x64.ActiveCfg = Release|Any CPU
		{76A3601B-9BD2-4599-9D7C-F3A0998061C3}.Release|x64.Build.0 = Release|Any CPU
		{76A3601B-9BD2-4599-9D7C-F3A0998061C3}.Release|x86.ActiveCfg = Release|Any CPU
		{76A3601B-9BD2-4599-9D7C-F3A0998061C3}.Release|x86.Build.0 = Release|Any CPU
	EndGlobalSection
	GlobalSection(SolutionProperties) = preSolution
		HideSolutionNode = FALSE
	EndGlobalSection
	GlobalSection(NestedProjects) = preSolution
		{EDBC2C40-754D-481C-AF52-F5630E3E0796} = {BC7E16B8-10E4-43CC-B475-64FE93B4A0D1}
		{76A3601B-9BD2-4599-9D7C-F3A0998061C3} = {BC7E16B8-10E4-43CC-B475-64FE93B4A0D1}
	EndGlobalSection
	GlobalSection(ExtensibilityGlobals) = postSolution
		SolutionGuid = {9BA861CA-7E15-44EA-AD46-51F8569C0F9A}
	EndGlobalSection
EndGlobal
